
Microsoft Visual Studio Solution File, Format Version 12.00
# Visual Studio Version 17
VisualStudioVersion = 17.8.34330.188
MinimumVisualStudioVersion = 10.0.40219.1
Project("{FAE04EC0-301F-11D3-BF4B-00C04F79EFBC}") = "Assignment8", "Assignment8\Assignment8.csproj", "{A626C249-810B-4697-A6BE-A450A7362ACB}"
EndProject
Global
	GlobalSection(SolutionConfigurationPlatforms) = preSolution
		Debug|Any CPU = Debug|Any CPU
		Release|Any CPU = Release|Any CPU
	EndGlobalSection
	GlobalSection(ProjectConfigurationPlatforms) = postSolution
		{A626C249-810B-4697-A6BE-A450A7362ACB}.Debug|Any CPU.ActiveCfg = Debug|Any CPU
		{A626C249-810B-4697-A6BE-A450A7362ACB}.Debug|Any CPU.Build.0 = Debug|Any CPU
		{A626C249-810B-4697-A6BE-A450A7362ACB}.Release|Any CPU.ActiveCfg = Release|Any CPU
		{A626C249-810B-4697-A6BE-A450A7362ACB}.Release|Any CPU.Build.0 = Release|Any CPU
	EndGlobalSection
	GlobalSection(SolutionProperties) = preSolution
		HideSolutionNode = FALSE
	EndGlobalSection
	GlobalSection(ExtensibilityGlobals) = postSolution
		SolutionGuid = {75C7891D-715E-4D75-B7E1-4431B99BABC8}
	EndGlobalSection
EndGlobal
