
Microsoft Visual Studio Solution File, Format Version 12.00
# Visual Studio Version 17
VisualStudioVersion = 17.8.34330.188
MinimumVisualStudioVersion = 10.0.40219.1
Project("{FAE04EC0-301F-11D3-BF4B-00C04F79EFBC}") = "Assignment7", "Assignment7\Assignment7.csproj", "{8DCEB4A9-F514-474C-82D3-B45486A4EBDA}"
EndProject
Global
	GlobalSection(SolutionConfigurationPlatforms) = preSolution
		Debug|Any CPU = Debug|Any CPU
		Release|Any CPU = Release|Any CPU
	EndGlobalSection
	GlobalSection(ProjectConfigurationPlatforms) = postSolution
		{8DCEB4A9-F514-474C-82D3-B45486A4EBDA}.Debug|Any CPU.ActiveCfg = Debug|Any CPU
		{8DCEB4A9-F514-474C-82D3-B45486A4EBDA}.Debug|Any CPU.Build.0 = Debug|Any CPU
		{8DCEB4A9-F514-474C-82D3-B45486A4EBDA}.Release|Any CPU.ActiveCfg = Release|Any CPU
		{8DCEB4A9-F514-474C-82D3-B45486A4EBDA}.Release|Any CPU.Build.0 = Release|Any CPU
	EndGlobalSection
	GlobalSection(SolutionProperties) = preSolution
		HideSolutionNode = FALSE
	EndGlobalSection
	GlobalSection(ExtensibilityGlobals) = postSolution
		SolutionGuid = {827E4446-8ED1-4EDF-B4A5-ACDEF52B8C86}
	EndGlobalSection
EndGlobal
